
Microsoft Visual Studio Solution File, Format Version 12.00
# Visual Studio Version 16
VisualStudioVersion = 16.0.30611.23
MinimumVisualStudioVersion = 10.0.40219.1
Project("{FAE04EC0-301F-11D3-BF4B-00C04F79EFBC}") = "TheDock", "TheDock\TheDock.csproj", "{0B4F36A4-94EB-4DC4-B54D-650DDA37B4D8}"
EndProject
Global
	GlobalSection(SolutionConfigurationPlatforms) = preSolution
		Debug|Any CPU = Debug|Any CPU
		Release|Any CPU = Release|Any CPU
	EndGlobalSection
	GlobalSection(ProjectConfigurationPlatforms) = postSolution
		{0B4F36A4-94EB-4DC4-B54D-650DDA37B4D8}.Debug|Any CPU.ActiveCfg = Debug|Any CPU
		{0B4F36A4-94EB-4DC4-B54D-650DDA37B4D8}.Debug|Any CPU.Build.0 = Debug|Any CPU
		{0B4F36A4-94EB-4DC4-B54D-650DDA37B4D8}.Release|Any CPU.ActiveCfg = Release|Any CPU
		{0B4F36A4-94EB-4DC4-B54D-650DDA37B4D8}.Release|Any CPU.Build.0 = Release|Any CPU
	EndGlobalSection
	GlobalSection(SolutionProperties) = preSolution
		HideSolutionNode = FALSE
	EndGlobalSection
	GlobalSection(ExtensibilityGlobals) = postSolution
		SolutionGuid = {88E55D8A-3981-473C-9E78-172A5F9D75D2}
	EndGlobalSection
EndGlobal
